
Microsoft Visual Studio Solution File, Format Version 12.00
# Visual Studio Version 17
VisualStudioVersion = 17.5.33530.505
MinimumVisualStudioVersion = 10.0.40219.1
Project("{2150E333-8FDC-42A3-9474-1A3956D46DE8}") = "Services", "Services", "{8156DFDB-5849-43A8-AD56-72A51433A8E8}"
EndProject
Project("{2150E333-8FDC-42A3-9474-1A3956D46DE8}") = "Catalog", "Catalog", "{9F3F65F6-BE73-42E8-BAA7-70FCB31CFE3E}"
EndProject
Project("{9A19103F-16F7-4668-BE54-9A1E7A4F7556}") = "Catalog.API", "Services\Catalog\Catalog.API\Catalog.API.csproj", "{8613C9CE-6D33-4A60-B092-F1F6A67BADCE}"
EndProject
Project("{E53339B2-1760-4266-BCC7-CA923CBCF16C}") = "docker-compose", "docker-compose.dcproj", "{25295E84-6EAE-442B-B4E7-8F193837781F}"
EndProject
Project("{2150E333-8FDC-42A3-9474-1A3956D46DE8}") = "Basket", "Basket", "{A4A7A1E4-1550-44BD-B85D-0A5962898A51}"
EndProject
Project("{9A19103F-16F7-4668-BE54-9A1E7A4F7556}") = "Basket.API", "Services\Basket\Basket.API\Basket.API.csproj", "{1BD921D7-B433-42B3-A48D-D7048C35624C}"
EndProject
Project("{2150E333-8FDC-42A3-9474-1A3956D46DE8}") = "Discount", "Discount", "{05488368-A0BF-4BB2-BAC0-2FB975540C79}"
EndProject
Project("{9A19103F-16F7-4668-BE54-9A1E7A4F7556}") = "Discount.API", "Services\Discount\Discount.API\Discount.API.csproj", "{C7032815-8697-46EF-A70D-C1303C3EDA7B}"
EndProject
Project("{9A19103F-16F7-4668-BE54-9A1E7A4F7556}") = "Discount.Grpc", "Services\Discount\Discount.Grpc\Discount.Grpc.csproj", "{19C3918F-EA6B-4BCB-BBDD-13CB6544577D}"
EndProject
Project("{2150E333-8FDC-42A3-9474-1A3956D46DE8}") = "Ordering", "Ordering", "{35267810-C6B4-439C-844E-17F761FF2D1F}"
EndProject
Project("{FAE04EC0-301F-11D3-BF4B-00C04F79EFBC}") = "Ordering.API", "Services\Ordering\Ordering.API\Ordering.API.csproj", "{26BF10E8-A350-4508-A967-B01BA210C83C}"
EndProject
Project("{FAE04EC0-301F-11D3-BF4B-00C04F79EFBC}") = "Ordering.Domain", "Services\Ordering\Ordering.Domain\Ordering.Domain.csproj", "{F77D656C-821D-4248-951C-7A8691AA00F6}"
EndProject
Project("{FAE04EC0-301F-11D3-BF4B-00C04F79EFBC}") = "Ordering.Application", "Services\Ordering\Ordering.Application\Ordering.Application.csproj", "{7C0D51D9-BB2E-4A28-9F90-D27884B8E82E}"
EndProject
Project("{FAE04EC0-301F-11D3-BF4B-00C04F79EFBC}") = "Ordering.Infrastructure", "Services\Ordering\Ordering.Infrastructure\Ordering.Infrastructure.csproj", "{DF31A14B-B05A-43A3-B3DE-C87C37F3D5D1}"
EndProject
Global
	GlobalSection(SolutionConfigurationPlatforms) = preSolution
		Debug|Any CPU = Debug|Any CPU
		Release|Any CPU = Release|Any CPU
	EndGlobalSection
	GlobalSection(ProjectConfigurationPlatforms) = postSolution
		{8613C9CE-6D33-4A60-B092-F1F6A67BADCE}.Debug|Any CPU.ActiveCfg = Debug|Any CPU
		{8613C9CE-6D33-4A60-B092-F1F6A67BADCE}.Debug|Any CPU.Build.0 = Debug|Any CPU
		{8613C9CE-6D33-4A60-B092-F1F6A67BADCE}.Release|Any CPU.ActiveCfg = Release|Any CPU
		{8613C9CE-6D33-4A60-B092-F1F6A67BADCE}.Release|Any CPU.Build.0 = Release|Any CPU
		{25295E84-6EAE-442B-B4E7-8F193837781F}.Debug|Any CPU.ActiveCfg = Debug|Any CPU
		{25295E84-6EAE-442B-B4E7-8F193837781F}.Debug|Any CPU.Build.0 = Debug|Any CPU
		{25295E84-6EAE-442B-B4E7-8F193837781F}.Release|Any CPU.ActiveCfg = Release|Any CPU
		{25295E84-6EAE-442B-B4E7-8F193837781F}.Release|Any CPU.Build.0 = Release|Any CPU
		{1BD921D7-B433-42B3-A48D-D7048C35624C}.Debug|Any CPU.ActiveCfg = Debug|Any CPU
		{1BD921D7-B433-42B3-A48D-D7048C35624C}.Debug|Any CPU.Build.0 = Debug|Any CPU
		{1BD921D7-B433-42B3-A48D-D7048C35624C}.Release|Any CPU.ActiveCfg = Release|Any CPU
		{1BD921D7-B433-42B3-A48D-D7048C35624C}.Release|Any CPU.Build.0 = Release|Any CPU
		{C7032815-8697-46EF-A70D-C1303C3EDA7B}.Debug|Any CPU.ActiveCfg = Debug|Any CPU
		{C7032815-8697-46EF-A70D-C1303C3EDA7B}.Debug|Any CPU.Build.0 = Debug|Any CPU
		{C7032815-8697-46EF-A70D-C1303C3EDA7B}.Release|Any CPU.ActiveCfg = Release|Any CPU
		{C7032815-8697-46EF-A70D-C1303C3EDA7B}.Release|Any CPU.Build.0 = Release|Any CPU
		{19C3918F-EA6B-4BCB-BBDD-13CB6544577D}.Debug|Any CPU.ActiveCfg = Debug|Any CPU
		{19C3918F-EA6B-4BCB-BBDD-13CB6544577D}.Debug|Any CPU.Build.0 = Debug|Any CPU
		{19C3918F-EA6B-4BCB-BBDD-13CB6544577D}.Release|Any CPU.ActiveCfg = Release|Any CPU
		{19C3918F-EA6B-4BCB-BBDD-13CB6544577D}.Release|Any CPU.Build.0 = Release|Any CPU
		{26BF10E8-A350-4508-A967-B01BA210C83C}.Debug|Any CPU.ActiveCfg = Debug|Any CPU
		{26BF10E8-A350-4508-A967-B01BA210C83C}.Debug|Any CPU.Build.0 = Debug|Any CPU
		{26BF10E8-A350-4508-A967-B01BA210C83C}.Release|Any CPU.ActiveCfg = Release|Any CPU
		{26BF10E8-A350-4508-A967-B01BA210C83C}.Release|Any CPU.Build.0 = Release|Any CPU
		{F77D656C-821D-4248-951C-7A8691AA00F6}.Debug|Any CPU.ActiveCfg = Debug|Any CPU
		{F77D656C-821D-4248-951C-7A8691AA00F6}.Debug|Any CPU.Build.0 = Debug|Any CPU
		{F77D656C-821D-4248-951C-7A8691AA00F6}.Release|Any CPU.ActiveCfg = Release|Any CPU
		{F77D656C-821D-4248-951C-7A8691AA00F6}.Release|Any CPU.Build.0 = Release|Any CPU
		{7C0D51D9-BB2E-4A28-9F90-D27884B8E82E}.Debug|Any CPU.ActiveCfg = Debug|Any CPU
		{7C0D51D9-BB2E-4A28-9F90-D27884B8E82E}.Debug|Any CPU.Build.0 = Debug|Any CPU
		{7C0D51D9-BB2E-4A28-9F90-D27884B8E82E}.Release|Any CPU.ActiveCfg = Release|Any CPU
		{7C0D51D9-BB2E-4A28-9F90-D27884B8E82E}.Release|Any CPU.Build.0 = Release|Any CPU
		{DF31A14B-B05A-43A3-B3DE-C87C37F3D5D1}.Debug|Any CPU.ActiveCfg = Debug|Any CPU
		{DF31A14B-B05A-43A3-B3DE-C87C37F3D5D1}.Debug|Any CPU.Build.0 = Debug|Any CPU
		{DF31A14B-B05A-43A3-B3DE-C87C37F3D5D1}.Release|Any CPU.ActiveCfg = Release|Any CPU
		{DF31A14B-B05A-43A3-B3DE-C87C37F3D5D1}.Release|Any CPU.Build.0 = Release|Any CPU
	EndGlobalSection
	GlobalSection(SolutionProperties) = preSolution
		HideSolutionNode = FALSE
	EndGlobalSection
	GlobalSection(NestedProjects) = preSolution
		{9F3F65F6-BE73-42E8-BAA7-70FCB31CFE3E} = {8156DFDB-5849-43A8-AD56-72A51433A8E8}
		{8613C9CE-6D33-4A60-B092-F1F6A67BADCE} = {9F3F65F6-BE73-42E8-BAA7-70FCB31CFE3E}
		{A4A7A1E4-1550-44BD-B85D-0A5962898A51} = {8156DFDB-5849-43A8-AD56-72A51433A8E8}
		{1BD921D7-B433-42B3-A48D-D7048C35624C} = {A4A7A1E4-1550-44BD-B85D-0A5962898A51}
		{05488368-A0BF-4BB2-BAC0-2FB975540C79} = {8156DFDB-5849-43A8-AD56-72A51433A8E8}
		{C7032815-8697-46EF-A70D-C1303C3EDA7B} = {05488368-A0BF-4BB2-BAC0-2FB975540C79}
		{19C3918F-EA6B-4BCB-BBDD-13CB6544577D} = {05488368-A0BF-4BB2-BAC0-2FB975540C79}
		{35267810-C6B4-439C-844E-17F761FF2D1F} = {8156DFDB-5849-43A8-AD56-72A51433A8E8}
		{26BF10E8-A350-4508-A967-B01BA210C83C} = {35267810-C6B4-439C-844E-17F761FF2D1F}
		{F77D656C-821D-4248-951C-7A8691AA00F6} = {35267810-C6B4-439C-844E-17F761FF2D1F}
		{7C0D51D9-BB2E-4A28-9F90-D27884B8E82E} = {35267810-C6B4-439C-844E-17F761FF2D1F}
		{DF31A14B-B05A-43A3-B3DE-C87C37F3D5D1} = {35267810-C6B4-439C-844E-17F761FF2D1F}
	EndGlobalSection
	GlobalSection(ExtensibilityGlobals) = postSolution
		SolutionGuid = {111A3BBE-A725-49EB-9C4D-1740D4EAC98A}
	EndGlobalSection
EndGlobal
